PODS:
  - boost-for-react-native (1.63.0)
  - DoubleConversion (1.1.6)
  - FBLazyVector (0.65.1)
  - FBReactNativeSpec (0.65.1):
    - RCT-Folly (= 2021.04.26.00)
    - RCTRequired (= 0.65.1)
    - RCTTypeSafety (= 0.65.1)
    - React-Core (= 0.65.1)
    - React-jsi (= 0.65.1)
    - ReactCommon/turbomodule/core (= 0.65.1)
  - fmt (6.2.1)
  - glog (0.3.5)
  - Permission-Camera (3.0.4):
    - RNPermissions
  - PubNub (4.16.2):
    - PubNub/Core (= 4.16.2)
  - PubNub/Core (4.16.2)
  - QuickBlox (2.17.10)
  - quickblox-react-native-sdk (0.5.12-beta):
    - QuickBlox (~> 2.17.9)
    - Quickblox-WebRTC (~> 2.7.5)
    - React (>= 0.60.0)
  - Quickblox-WebRTC (2.7.6):
    - QuickBlox (>= 2.7)
  - RCT-Folly (2021.04.26.00):
    - boost-for-react-native
    - DoubleConversion
    - fmt (~> 6.2.1)
    - glog
    - RCT-Folly/Default (= 2021.04.26.00)
  - RCT-Folly/Default (2021.04.26.00):
    - boost-for-react-native
    - DoubleConversion
    - fmt (~> 6.2.1)
    - glog
  - RCTRequired (0.65.1)
  - RCTTypeSafety (0.65.1):
    - FBLazyVector (= 0.65.1)
    - RCT-Folly (= 2021.04.26.00)
    - RCTRequired (= 0.65.1)
    - React-Core (= 0.65.1)
  - React (0.65.1):
    - React-Core (= 0.65.1)
    - React-Core/DevSupport (= 0.65.1)
    - React-Core/RCTWebSocket (= 0.65.1)
    - React-RCTActionSheet (= 0.65.1)
    - React-RCTAnimation (= 0.65.1)
    - React-RCTBlob (= 0.65.1)
    - React-RCTImage (= 0.65.1)
    - React-RCTLinking (= 0.65.1)
    - React-RCTNetwork (= 0.65.1)
    - React-RCTSettings (= 0.65.1)
    - React-RCTText (= 0.65.1)
    - React-RCTVibration (= 0.65.1)
  - React-callinvoker (0.65.1)
  - React-Core (0.65.1):
    - glog
    - RCT-Folly (= 2021.04.26.00)
    - React-Core/Default (= 0.65.1)
    - React-cxxreact (= 0.65.1)
    - React-jsi (= 0.65.1)
    - React-jsiexecutor (= 0.65.1)
    - React-perflogger (= 0.65.1)
    - Yoga
  - React-Core/CoreModulesHeaders (0.65.1):
    - glog
    - RCT-Folly (= 2021.04.26.00)
    - React-Core/Default
    - React-cxxreact (= 0.65.1)
    - React-jsi (= 0.65.1)
    - React-jsiexecutor (= 0.65.1)
    - React-perflogger (= 0.65.1)
    - Yoga
  - React-Core/Default (0.65.1):
    - glog
    - RCT-Folly (= 2021.04.26.00)
    - React-cxxreact (= 0.65.1)
    - React-jsi (= 0.65.1)
    - React-jsiexecutor (= 0.65.1)
    - React-perflogger (= 0.65.1)
    - Yoga
  - React-Core/DevSupport (0.65.1):
    - glog
    - RCT-Folly (= 2021.04.26.00)
    - React-Core/Default (= 0.65.1)
    - React-Core/RCTWebSocket (= 0.65.1)
    - React-cxxreact (= 0.65.1)
    - React-jsi (= 0.65.1)
    - React-jsiexecutor (= 0.65.1)
    - React-jsinspector (= 0.65.1)
    - React-perflogger (= 0.65.1)
    - Yoga
  - React-Core/RCTActionSheetHeaders (0.65.1):
    - glog
    - RCT-Folly (= 2021.04.26.00)
    - React-Core/Default
    - React-cxxreact (= 0.65.1)
    - React-jsi (= 0.65.1)
    - React-jsiexecutor (= 0.65.1)
    - React-perflogger (= 0.65.1)
    - Yoga
  - React-Core/RCTAnimationHeaders (0.65.1):
    - glog
    - RCT-Folly (= 2021.04.26.00)
    - React-Core/Default
    - React-cxxreact (= 0.65.1)
    - React-jsi (= 0.65.1)
    - React-jsiexecutor (= 0.65.1)
    - React-perflogger (= 0.65.1)
    - Yoga
  - React-Core/RCTBlobHeaders (0.65.1):
    - glog
    - RCT-Folly (= 2021.04.26.00)
    - React-Core/Default
    - React-cxxreact (= 0.65.1)
    - React-jsi (= 0.65.1)
    - React-jsiexecutor (= 0.65.1)
    - React-perflogger (= 0.65.1)
    - Yoga
  - React-Core/RCTImageHeaders (0.65.1):
    - glog
    - RCT-Folly (= 2021.04.26.00)
    - React-Core/Default
    - React-cxxreact (= 0.65.1)
    - React-jsi (= 0.65.1)
    - React-jsiexecutor (= 0.65.1)
    - React-perflogger (= 0.65.1)
    - Yoga
  - React-Core/RCTLinkingHeaders (0.65.1):
    - glog
    - RCT-Folly (= 2021.04.26.00)
    - React-Core/Default
    - React-cxxreact (= 0.65.1)
    - React-jsi (= 0.65.1)
    - React-jsiexecutor (= 0.65.1)
    - React-perflogger (= 0.65.1)
    - Yoga
  - React-Core/RCTNetworkHeaders (0.65.1):
    - glog
    - RCT-Folly (= 2021.04.26.00)
    - React-Core/Default
    - React-cxxreact (= 0.65.1)
    - React-jsi (= 0.65.1)
    - React-jsiexecutor (= 0.65.1)
    - React-perflogger (= 0.65.1)
    - Yoga
  - React-Core/RCTSettingsHeaders (0.65.1):
    - glog
    - RCT-Folly (= 2021.04.26.00)
    - React-Core/Default
    - React-cxxreact (= 0.65.1)
    - React-jsi (= 0.65.1)
    - React-jsiexecutor (= 0.65.1)
    - React-perflogger (= 0.65.1)
    - Yoga
  - React-Core/RCTTextHeaders (0.65.1):
    - glog
    - RCT-Folly (= 2021.04.26.00)
    - React-Core/Default
    - React-cxxreact (= 0.65.1)
    - React-jsi (= 0.65.1)
    - React-jsiexecutor (= 0.65.1)
    - React-perflogger (= 0.65.1)
    - Yoga
  - React-Core/RCTVibrationHeaders (0.65.1):
    - glog
    - RCT-Folly (= 2021.04.26.00)
    - React-Core/Default
    - React-cxxreact (= 0.65.1)
    - React-jsi (= 0.65.1)
    - React-jsiexecutor (= 0.65.1)
    - React-perflogger (= 0.65.1)
    - Yoga
  - React-Core/RCTWebSocket (0.65.1):
    - glog
    - RCT-Folly (= 2021.04.26.00)
    - React-Core/Default (= 0.65.1)
    - React-cxxreact (= 0.65.1)
    - React-jsi (= 0.65.1)
    - React-jsiexecutor (= 0.65.1)
    - React-perflogger (= 0.65.1)
    - Yoga
  - React-CoreModules (0.65.1):
    - FBReactNativeSpec (= 0.65.1)
    - RCT-Folly (= 2021.04.26.00)
    - RCTTypeSafety (= 0.65.1)
    - React-Core/CoreModulesHeaders (= 0.65.1)
    - React-jsi (= 0.65.1)
    - React-RCTImage (= 0.65.1)
    - ReactCommon/turbomodule/core (= 0.65.1)
  - React-cxxreact (0.65.1):
    - boost-for-react-native (= 1.63.0)
    - DoubleConversion
    - glog
    - RCT-Folly (= 2021.04.26.00)
    - React-callinvoker (= 0.65.1)
    - React-jsi (= 0.65.1)
    - React-jsinspector (= 0.65.1)
    - React-perflogger (= 0.65.1)
    - React-runtimeexecutor (= 0.65.1)
  - React-jsi (0.65.1):
    - boost-for-react-native (= 1.63.0)
    - DoubleConversion
    - glog
    - RCT-Folly (= 2021.04.26.00)
    - React-jsi/Default (= 0.65.1)
  - React-jsi/Default (0.65.1):
    - boost-for-react-native (= 1.63.0)
    - DoubleConversion
    - glog
    - RCT-Folly (= 2021.04.26.00)
  - React-jsiexecutor (0.65.1):
    - DoubleConversion
    - glog
    - RCT-Folly (= 2021.04.26.00)
    - React-cxxreact (= 0.65.1)
    - React-jsi (= 0.65.1)
    - React-perflogger (= 0.65.1)
  - React-jsinspector (0.65.1)
  - react-native-camera (3.43.3):
    - React-Core
    - react-native-camera/RCT (= 3.43.3)
    - react-native-camera/RN (= 3.43.3)
  - react-native-camera/RCT (3.43.3):
    - React-Core
  - react-native-camera/RN (3.43.3):
    - React-Core
  - react-native-document-picker (5.0.2):
    - React-Core
  - react-native-image-picker (3.3.2):
    - React-Core
  - react-native-record-screen (0.3.2):
    - React
  - react-native-safe-area-context (3.1.9):
    - React-Core
  - react-native-video (5.1.1):
    - React-Core
    - react-native-video/Video (= 5.1.1)
  - react-native-video/Video (5.1.1):
    - React-Core
  - react-native-webview (11.2.3):
    - React-Core
  - React-perflogger (0.65.1)
  - React-RCTActionSheet (0.65.1):
    - React-Core/RCTActionSheetHeaders (= 0.65.1)
  - React-RCTAnimation (0.65.1):
    - FBReactNativeSpec (= 0.65.1)
    - RCT-Folly (= 2021.04.26.00)
    - RCTTypeSafety (= 0.65.1)
    - React-Core/RCTAnimationHeaders (= 0.65.1)
    - React-jsi (= 0.65.1)
    - ReactCommon/turbomodule/core (= 0.65.1)
  - React-RCTBlob (0.65.1):
    - FBReactNativeSpec (= 0.65.1)
    - RCT-Folly (= 2021.04.26.00)
    - React-Core/RCTBlobHeaders (= 0.65.1)
    - React-Core/RCTWebSocket (= 0.65.1)
    - React-jsi (= 0.65.1)
    - React-RCTNetwork (= 0.65.1)
    - ReactCommon/turbomodule/core (= 0.65.1)
  - React-RCTImage (0.65.1):
    - FBReactNativeSpec (= 0.65.1)
    - RCT-Folly (= 2021.04.26.00)
    - RCTTypeSafety (= 0.65.1)
    - React-Core/RCTImageHeaders (= 0.65.1)
    - React-jsi (= 0.65.1)
    - React-RCTNetwork (= 0.65.1)
    - ReactCommon/turbomodule/core (= 0.65.1)
  - React-RCTLinking (0.65.1):
    - FBReactNativeSpec (= 0.65.1)
    - React-Core/RCTLinkingHeaders (= 0.65.1)
    - React-jsi (= 0.65.1)
    - ReactCommon/turbomodule/core (= 0.65.1)
  - React-RCTNetwork (0.65.1):
    - FBReactNativeSpec (= 0.65.1)
    - RCT-Folly (= 2021.04.26.00)
    - RCTTypeSafety (= 0.65.1)
    - React-Core/RCTNetworkHeaders (= 0.65.1)
    - React-jsi (= 0.65.1)
    - ReactCommon/turbomodule/core (= 0.65.1)
  - React-RCTSettings (0.65.1):
    - FBReactNativeSpec (= 0.65.1)
    - RCT-Folly (= 2021.04.26.00)
    - RCTTypeSafety (= 0.65.1)
    - React-Core/RCTSettingsHeaders (= 0.65.1)
    - React-jsi (= 0.65.1)
    - ReactCommon/turbomodule/core (= 0.65.1)
  - React-RCTText (0.65.1):
    - React-Core/RCTTextHeaders (= 0.65.1)
  - React-RCTVibration (0.65.1):
    - FBReactNativeSpec (= 0.65.1)
    - RCT-Folly (= 2021.04.26.00)
    - React-Core/RCTVibrationHeaders (= 0.65.1)
    - React-jsi (= 0.65.1)
    - ReactCommon/turbomodule/core (= 0.65.1)
  - React-runtimeexecutor (0.65.1):
    - React-jsi (= 0.65.1)
  - ReactCommon/turbomodule/core (0.65.1):
    - DoubleConversion
    - glog
    - RCT-Folly (= 2021.04.26.00)
    - React-callinvoker (= 0.65.1)
    - React-Core (= 0.65.1)
    - React-cxxreact (= 0.65.1)
    - React-jsi (= 0.65.1)
    - React-perflogger (= 0.65.1)
  - rn-fetch-blob (0.12.0):
    - React-Core
  - RNCAsyncStorage (1.14.1):
    - React-Core
  - RNCCheckbox (0.5.7):
    - React-Core
  - RNCMaskedView (0.1.10):
    - React
  - RNCPicker (1.9.11):
    - React-Core
  - RNDateTimePicker (3.0.9):
    - React-Core
  - RNDeviceInfo (8.0.7):
    - React-Core
  - RNFileViewer (2.1.4):
    - React-Core
  - RNFS (2.17.0):
    - React
  - RNGestureHandler (1.9.0):
    - React-Core
  - RNPermissions (3.0.4):
    - React-Core
  - RNReanimated (1.13.2):
    - React-Core
  - RNScreens (2.16.1):
    - React-Core
  - RNSketchCanvas (0.8.0):
    - React
  - RNSVG (12.1.1):
    - React
  - Yoga (1.14.0)

DEPENDENCIES:
  - DoubleConversion (from `../node_modules/react-native/third-party-podspecs/DoubleConversion.podspec`)
  - FBLazyVector (from `../node_modules/react-native/Libraries/FBLazyVector`)
  - FBReactNativeSpec (from `../node_modules/react-native/React/FBReactNativeSpec`)
  - glog (from `../node_modules/react-native/third-party-podspecs/glog.podspec`)
  - Permission-Camera (from `../node_modules/react-native-permissions/ios/Camera`)
  - PubNub
  - QuickBlox
  - quickblox-react-native-sdk (from `../node_modules/quickblox-react-native-sdk`)
  - Quickblox-WebRTC
  - RCT-Folly (from `../node_modules/react-native/third-party-podspecs/RCT-Folly.podspec`)
  - RCTRequired (from `../node_modules/react-native/Libraries/RCTRequired`)
  - RCTTypeSafety (from `../node_modules/react-native/Libraries/TypeSafety`)
  - React (from `../node_modules/react-native/`)
  - React-callinvoker (from `../node_modules/react-native/ReactCommon/callinvoker`)
  - React-Core (from `../node_modules/react-native/`)
  - React-Core/DevSupport (from `../node_modules/react-native/`)
  - React-Core/RCTWebSocket (from `../node_modules/react-native/`)
  - React-CoreModules (from `../node_modules/react-native/React/CoreModules`)
  - React-cxxreact (from `../node_modules/react-native/ReactCommon/cxxreact`)
  - React-jsi (from `../node_modules/react-native/ReactCommon/jsi`)
  - React-jsiexecutor (from `../node_modules/react-native/ReactCommon/jsiexecutor`)
  - React-jsinspector (from `../node_modules/react-native/ReactCommon/jsinspector`)
  - react-native-camera (from `../node_modules/react-native-camera`)
  - react-native-document-picker (from `../node_modules/react-native-document-picker`)
  - react-native-image-picker (from `../node_modules/react-native-image-picker`)
  - react-native-record-screen (from `../node_modules/react-native-record-screen`)
  - react-native-safe-area-context (from `../node_modules/react-native-safe-area-context`)
  - react-native-video (from `../node_modules/react-native-video`)
  - react-native-webview (from `../node_modules/react-native-webview`)
  - React-perflogger (from `../node_modules/react-native/ReactCommon/reactperflogger`)
  - React-RCTActionSheet (from `../node_modules/react-native/Libraries/ActionSheetIOS`)
  - React-RCTAnimation (from `../node_modules/react-native/Libraries/NativeAnimation`)
  - React-RCTBlob (from `../node_modules/react-native/Libraries/Blob`)
  - React-RCTImage (from `../node_modules/react-native/Libraries/Image`)
  - React-RCTLinking (from `../node_modules/react-native/Libraries/LinkingIOS`)
  - React-RCTNetwork (from `../node_modules/react-native/Libraries/Network`)
  - React-RCTSettings (from `../node_modules/react-native/Libraries/Settings`)
  - React-RCTText (from `../node_modules/react-native/Libraries/Text`)
  - React-RCTVibration (from `../node_modules/react-native/Libraries/Vibration`)
  - React-runtimeexecutor (from `../node_modules/react-native/ReactCommon/runtimeexecutor`)
  - ReactCommon/turbomodule/core (from `../node_modules/react-native/ReactCommon`)
  - rn-fetch-blob (from `../node_modules/rn-fetch-blob`)
  - "RNCAsyncStorage (from `../node_modules/@react-native-async-storage/async-storage`)"
  - "RNCCheckbox (from `../node_modules/@react-native-community/checkbox`)"
  - "RNCMaskedView (from `../node_modules/@react-native-community/masked-view`)"
  - "RNCPicker (from `../node_modules/@react-native-picker/picker`)"
  - "RNDateTimePicker (from `../node_modules/@react-native-community/datetimepicker`)"
  - RNDeviceInfo (from `../node_modules/react-native-device-info`)
  - RNFileViewer (from `../node_modules/react-native-file-viewer`)
  - RNFS (from `../node_modules/react-native-fs`)
  - RNGestureHandler (from `../node_modules/react-native-gesture-handler`)
  - RNPermissions (from `../node_modules/react-native-permissions`)
  - RNReanimated (from `../node_modules/react-native-reanimated`)
  - RNScreens (from `../node_modules/react-native-screens`)
  - "RNSketchCanvas (from `../node_modules/@terrylinla/react-native-sketch-canvas`)"
  - RNSVG (from `../node_modules/react-native-svg`)
  - Yoga (from `../node_modules/react-native/ReactCommon/yoga`)

SPEC REPOS:
  trunk:
    - boost-for-react-native
    - fmt
    - PubNub
    - QuickBlox
    - Quickblox-WebRTC

EXTERNAL SOURCES:
  DoubleConversion:
    :podspec: "../node_modules/react-native/third-party-podspecs/DoubleConversion.podspec"
  FBLazyVector:
    :path: "../node_modules/react-native/Libraries/FBLazyVector"
  FBReactNativeSpec:
    :path: "../node_modules/react-native/React/FBReactNativeSpec"
  glog:
    :podspec: "../node_modules/react-native/third-party-podspecs/glog.podspec"
  Permission-Camera:
    :path: "../node_modules/react-native-permissions/ios/Camera"
  quickblox-react-native-sdk:
    :path: "../node_modules/quickblox-react-native-sdk"
  RCT-Folly:
    :podspec: "../node_modules/react-native/third-party-podspecs/RCT-Folly.podspec"
  RCTRequired:
    :path: "../node_modules/react-native/Libraries/RCTRequired"
  RCTTypeSafety:
    :path: "../node_modules/react-native/Libraries/TypeSafety"
  React:
    :path: "../node_modules/react-native/"
  React-callinvoker:
    :path: "../node_modules/react-native/ReactCommon/callinvoker"
  React-Core:
    :path: "../node_modules/react-native/"
  React-CoreModules:
    :path: "../node_modules/react-native/React/CoreModules"
  React-cxxreact:
    :path: "../node_modules/react-native/ReactCommon/cxxreact"
  React-jsi:
    :path: "../node_modules/react-native/ReactCommon/jsi"
  React-jsiexecutor:
    :path: "../node_modules/react-native/ReactCommon/jsiexecutor"
  React-jsinspector:
    :path: "../node_modules/react-native/ReactCommon/jsinspector"
  react-native-camera:
    :path: "../node_modules/react-native-camera"
  react-native-document-picker:
    :path: "../node_modules/react-native-document-picker"
  react-native-image-picker:
    :path: "../node_modules/react-native-image-picker"
  react-native-record-screen:
    :path: "../node_modules/react-native-record-screen"
  react-native-safe-area-context:
    :path: "../node_modules/react-native-safe-area-context"
  react-native-video:
    :path: "../node_modules/react-native-video"
  react-native-webview:
    :path: "../node_modules/react-native-webview"
  React-perflogger:
    :path: "../node_modules/react-native/ReactCommon/reactperflogger"
  React-RCTActionSheet:
    :path: "../node_modules/react-native/Libraries/ActionSheetIOS"
  React-RCTAnimation:
    :path: "../node_modules/react-native/Libraries/NativeAnimation"
  React-RCTBlob:
    :path: "../node_modules/react-native/Libraries/Blob"
  React-RCTImage:
    :path: "../node_modules/react-native/Libraries/Image"
  React-RCTLinking:
    :path: "../node_modules/react-native/Libraries/LinkingIOS"
  React-RCTNetwork:
    :path: "../node_modules/react-native/Libraries/Network"
  React-RCTSettings:
    :path: "../node_modules/react-native/Libraries/Settings"
  React-RCTText:
    :path: "../node_modules/react-native/Libraries/Text"
  React-RCTVibration:
    :path: "../node_modules/react-native/Libraries/Vibration"
  React-runtimeexecutor:
    :path: "../node_modules/react-native/ReactCommon/runtimeexecutor"
  ReactCommon:
    :path: "../node_modules/react-native/ReactCommon"
  rn-fetch-blob:
    :path: "../node_modules/rn-fetch-blob"
  RNCAsyncStorage:
    :path: "../node_modules/@react-native-async-storage/async-storage"
  RNCCheckbox:
    :path: "../node_modules/@react-native-community/checkbox"
  RNCMaskedView:
    :path: "../node_modules/@react-native-community/masked-view"
  RNCPicker:
    :path: "../node_modules/@react-native-picker/picker"
  RNDateTimePicker:
    :path: "../node_modules/@react-native-community/datetimepicker"
  RNDeviceInfo:
    :path: "../node_modules/react-native-device-info"
  RNFileViewer:
    :path: "../node_modules/react-native-file-viewer"
  RNFS:
    :path: "../node_modules/react-native-fs"
  RNGestureHandler:
    :path: "../node_modules/react-native-gesture-handler"
  RNPermissions:
    :path: "../node_modules/react-native-permissions"
  RNReanimated:
    :path: "../node_modules/react-native-reanimated"
  RNScreens:
    :path: "../node_modules/react-native-screens"
  RNSketchCanvas:
    :path: "../node_modules/@terrylinla/react-native-sketch-canvas"
  RNSVG:
    :path: "../node_modules/react-native-svg"
  Yoga:
    :path: "../node_modules/react-native/ReactCommon/yoga"

SPEC CHECKSUMS:
  boost-for-react-native: 39c7adb57c4e60d6c5479dd8623128eb5b3f0f2c
  DoubleConversion: cde416483dac037923206447da6e1454df403714
  FBLazyVector: 33c82491102f20ecddb6c6a2c273696ace3191e0
  FBReactNativeSpec: df8f81d2a7541ee6755a047b398a5cb5a72acd0e
  fmt: ff9d55029c625d3757ed641535fd4a75fedc7ce9
  glog: 40a13f7840415b9a77023fbcae0f1e6f43192af3
  Permission-Camera: ffd449756840ddc0f6294e95d688fecaadfe238c
  PubNub: d2f675a6ec0c03a7ce562c8accc365c1457bf0c6
  QuickBlox: 49d85c6e1782993fb2383001301b788a8d7dcad3
  quickblox-react-native-sdk: 8b571f113d46bc78e523d0a617eb8fefc6de515e
  Quickblox-WebRTC: 162d2421d91cfb3d4f7e01f87e095633ca52bb1d
  RCT-Folly: 0dd9e1eb86348ecab5ba76f910b56f4b5fef3c46
  RCTRequired: 6cf071ab2adfd769014b3d94373744ee6e789530
  RCTTypeSafety: b829c59453478bb5b02487b8de3336386ab93ab1
  React: 29d8a785041b96a2754c25cc16ddea57b7a618ce
  React-callinvoker: 2857b61132bd7878b736e282581f4b42fd93002b
  React-Core: 001e21bad5ca41e59e9d90df5c0b53da04c3ce8e
  React-CoreModules: 0a0410ab296a62ab38e2f8d321e822d1fcc2fe49
  React-cxxreact: 8d904967134ae8ff0119c5357c42eaae976806f8
  React-jsi: 12913c841713a15f64eabf5c9ad98592c0ec5940
  React-jsiexecutor: 43f2542aed3c26e42175b339f8d37fe3dd683765
  React-jsinspector: 41e58e5b8e3e0bf061fdf725b03f2144014a8fb0
  react-native-camera: 0794a4d950c3d06988a4c7ab7b938c4dc7f41b54
  react-native-document-picker: 50f47078c928691772b86a87a51a967b499a23a6
  react-native-image-picker: 5b2f1ea1f9230b131abbfb8a4aa1eb209aba9ed9
  react-native-record-screen: 27388935c659e542768ac97c7c017d9b9baa7143
  react-native-safe-area-context: 86612d2c9a9e94e288319262d10b5f93f0b395f5
  react-native-video: 1574074179ecaf6a9dd067116c8f31bf9fec15c8
  react-native-webview: 36561eaf7508e67f72d8c959b713bac841f3652e
  React-perflogger: fd28ee1f2b5b150b00043f0301d96bd417fdc339
  React-RCTActionSheet: 7f3fa0855c346aa5d7c60f9ced16e067db6d29fa
  React-RCTAnimation: 2119a18ee26159004b001bc56404ca5dbaae6077
  React-RCTBlob: a493cc306deeaba0c0efa8ecec2da154afd3a798
  React-RCTImage: 54999ddc896b7db6650af5760607aaebdf30425c
  React-RCTLinking: 7fb3fa6397d3700c69c3d361870a299f04f1a2e6
  React-RCTNetwork: 329ee4f75bd2deb8cf6c4b14231b5bb272cbd9af
  React-RCTSettings: 1a659d58e45719bc77c280dbebce6a5a5a2733f5
  React-RCTText: e12d7aae2a038be9ae72815436677a7c6549dd26
  React-RCTVibration: 92d41c2442e5328cc4d342cd7f78e5876b68bae5
  React-runtimeexecutor: 85187f19dd9c47a7c102f9994f9d14e4dc2110de
  ReactCommon: eafed38eec7b591c31751bfa7494801618460459
  rn-fetch-blob: f065bb7ab7fb48dd002629f8bdcb0336602d3cba
  RNCAsyncStorage: 1ab3f6ec0bc2c676dad4a00471d4c9d1a2cf68a2
  RNCCheckbox: 500919ac122273ea8eef93dae01431091968c14a
  RNCMaskedView: f5c7d14d6847b7b44853f7acb6284c1da30a3459
  RNCPicker: 6780c753e9e674065db90d9c965920516402579d
  RNDateTimePicker: 986d4794006e5caaebd089a724f54d35631a8dd4
  RNDeviceInfo: 0550f15928f92d062238ea412b645d00548fd809
  RNFileViewer: 83cc066ad795b1f986791d03b56fe0ee14b6a69f
  RNFS: 93d5b5535eb39d98e6b19009faa8fe717f7ea45d
  RNGestureHandler: 9b7e605a741412e20e13c512738a31bd1611759b
  RNPermissions: 75128bfb4c4ef92f572a8efdb8adfbfab75e8ed0
  RNReanimated: e03f7425cb7a38dcf1b644d680d1bfc91c3337ad
  RNScreens: 45c457af3d2ee9e08fc01e70da87e653d46b1198
  RNSketchCanvas: 6939b18677cd1794151cc3d8eb5a0a2158a4a05b
  RNSVG: 551acb6562324b1d52a4e0758f7ca0ec234e278f
  Yoga: aa0cb45287ebe1004c02a13f279c55a95f1572f4

PODFILE CHECKSUM: 1a2056423bf0c99a4efda1bcd1128c55bd93fb2c

COCOAPODS: 1.10.1
